{
  "nodes": {
    "home-manager": {
      "inputs": {
        "nixpkgs": "nixpkgs"
      },
      "locked": {
        "lastModified": 1629347633,
        "narHash": "sha256-FGZJ7lmTAMIkjdrh6dIPck5HuB4KMT2GgDV5ZjiCWoc=",
        "owner": "nix-community",
        "repo": "home-manager",
        "rev": "bf6b85136b47ab1a76df4a90ea4850871147494a",
        "type": "github"
      },
      "original": {
        "owner": "nix-community",
        "repo": "home-manager",
        "type": "github"
      }
    },
    "nixos-hardware": {
      "locked": {
        "lastModified": 1629283487,
        "narHash": "sha256-j5+8c8GsGCwqBeyFluwuLm5zfDowHe5SObe2Fe1RVNQ=",
        "owner": "NixOS",
        "repo": "nixos-hardware",
        "rev": "3c83cab719cd7c8fc0e7cf41e382067e2676f758",
        "type": "github"
      },
      "original": {
        "owner": "NixOS",
        "repo": "nixos-hardware",
        "type": "github"
      }
    },
    "nixpkgs": {
      "locked": {
        "lastModified": 1629365759,
        "narHash": "sha256-xM6YVBsKNfv0GjCzM1SVyhbS4WJsJ+OEvekWSy2Skvg=",
        "owner": "NixOS",
        "repo": "nixpkgs",
        "rev": "3fbb3d909196317505607d3929077a3d061cee0b",
        "type": "github"
      },
      "original": {
        "id": "nixpkgs",
        "type": "indirect"
      }
    },
    "nixpkgs_2": {
      "locked": {
        "lastModified": 1629271619,
        "narHash": "sha256-by9D3OkEKk4rOzJIMbC0uP2wP3Bt81auP5xmbmPg2a8=",
        "owner": "NixOS",
        "repo": "nixpkgs",
        "rev": "7bbca9877caed472c6b5866ea09302cfcdce3dbf",
        "type": "github"
      },
      "original": {
        "owner": "NixOS",
        "ref": "release-21.05",
        "repo": "nixpkgs",
        "type": "github"
      }
    },
    "root": {
      "inputs": {
        "home-manager": "home-manager",
        "nixos-hardware": "nixos-hardware",
        "nixpkgs": "nixpkgs_2"
      }
    }
  },
  "root": "root",
  "version": 7
}
